Microsoft Visual Studio Solution File, Format Version 12.00
# Visual Studio Version 17
Project("{FAE04EC0-301F-11D3-BF4B-00C04F79EFBC}") = "Api", "src/Api/Api.csproj", "{3F02B7A2-6F4C-4123-8A8F-33F34F3D65A5}"
EndProject
Project("{FAE04EC0-301F-11D3-BF4B-00C04F79EFBC}") = "Application", "src/Application/Application.csproj", "{1A5F3624-36A5-4B0A-9C39-02C1FCEC9A3E}"
EndProject
Project("{FAE04EC0-301F-11D3-BF4B-00C04F79EFBC}") = "Infrastructure", "src/Infrastructure/Infrastructure.csproj", "{97A6A8B0-458B-4B0A-9B4B-5C3A1D0B5C1E}"
EndProject
Project("{FAE04EC0-301F-11D3-BF4B-00C04F79EFBC}") = "Domain", "src/Domain/Domain.csproj", "{D6E7E1F3-8F3A-4F12-8F3A-8F3A8F3A8F3A}"
EndProject
Global
    GlobalSection(SolutionConfigurationPlatforms) = preSolution
        Debug|Any CPU = Debug|Any CPU
        Release|Any CPU = Release|Any CPU
    EndGlobalSection
    GlobalSection(ProjectConfigurationPlatforms) = postSolution
        {3F02B7A2-6F4C-4123-8A8F-33F34F3D65A5}.Debug|Any CPU.ActiveCfg = Debug|Any CPU
        {3F02B7A2-6F4C-4123-8A8F-33F34F3D65A5}.Debug|Any CPU.Build.0 = Debug|Any CPU
        {3F02B7A2-6F4C-4123-8A8F-33F34F3D65A5}.Release|Any CPU.ActiveCfg = Release|Any CPU
        {3F02B7A2-6F4C-4123-8A8F-33F34F3D65A5}.Release|Any CPU.Build.0 = Release|Any CPU
        {1A5F3624-36A5-4B0A-9C39-02C1FCEC9A3E}.Debug|Any CPU.ActiveCfg = Debug|Any CPU
        {1A5F3624-36A5-4B0A-9C39-02C1FCEC9A3E}.Debug|Any CPU.Build.0 = Debug|Any CPU
        {1A5F3624-36A5-4B0A-9C39-02C1FCEC9A3E}.Release|Any CPU.ActiveCfg = Release|Any CPU
        {1A5F3624-36A5-4B0A-9C39-02C1FCEC9A3E}.Release|Any CPU.Build.0 = Release|Any CPU
        {97A6A8B0-458B-4B0A-9B4B-5C3A1D0B5C1E}.Debug|Any CPU.ActiveCfg = Debug|Any CPU
        {97A6A8B0-458B-4B0A-9B4B-5C3A1D0B5C1E}.Debug|Any CPU.Build.0 = Debug|Any CPU
        {97A6A8B0-458B-4B0A-9B4B-5C3A1D0B5C1E}.Release|Any CPU.ActiveCfg = Release|Any CPU
        {97A6A8B0-458B-4B0A-9B4B-5C3A1D0B5C1E}.Release|Any CPU.Build.0 = Release|Any CPU
        {D6E7E1F3-8F3A-4F12-8F3A-8F3A8F3A8F3A}.Debug|Any CPU.ActiveCfg = Debug|Any CPU
        {D6E7E1F3-8F3A-4F12-8F3A-8F3A8F3A8F3A}.Debug|Any CPU.Build.0 = Debug|Any CPU
        {D6E7E1F3-8F3A-4F12-8F3A-8F3A8F3A8F3A}.Release|Any CPU.ActiveCfg = Release|Any CPU
        {D6E7E1F3-8F3A-4F12-8F3A-8F3A8F3A8F3A}.Release|Any CPU.Build.0 = Release|Any CPU
    EndGlobalSection
EndGlobal
